// !$*UTF8*$!
{
	archiveVersion = 1;
	classes = {
	};
	objectVersion = 56;
	objects = {

/* Begin PBXBuildFile section */
		86E7F92B2AC2BEFC0024AD6F /* ArticlesWithAlgoliaApp.swift in Sources */ = {isa = PBXBuildFile; fileRef = 86E7F92A2AC2BEFC0024AD6F /* ArticlesWithAlgoliaApp.swift */; };
		86E7F92D2AC2BEFC0024AD6F /* ContentView.swift in Sources */ = {isa = PBXBuildFile; fileRef = 86E7F92C2AC2BEFC0024AD6F /* ContentView.swift */; };
		86E7F92F2AC2BEFE0024AD6F /* Assets.xcassets in Resources */ = {isa = PBXBuildFile; fileRef = 86E7F92E2AC2BEFE0024AD6F /* Assets.xcassets */; };
		86E7F9322AC2BEFE0024AD6F /* Preview Assets.xcassets in Resources */ = {isa = PBXBuildFile; fileRef = 86E7F9312AC2BEFE0024AD6F /* Preview Assets.xcassets */; };
		86E7F93C2AC2BEFE0024AD6F /* ArticlesWithAlgoliaTests.swift in Sources */ = {isa = PBXBuildFile; fileRef = 86E7F93B2AC2BEFE0024AD6F /* ArticlesWithAlgoliaTests.swift */; };
		86E7F9462AC2BEFE0024AD6F /* ArticlesWithAlgoliaUITests.swift in Sources */ = {isa = PBXBuildFile; fileRef = 86E7F9452AC2BEFE0024AD6F /* ArticlesWithAlgoliaUITests.swift */; };
		86E7F9482AC2BEFE0024AD6F /* ArticlesWithAlgoliaUITestsLaunchTests.swift in Sources */ = {isa = PBXBuildFile; fileRef = 86E7F9472AC2BEFE0024AD6F /* ArticlesWithAlgoliaUITestsLaunchTests.swift */; };
/* End PBXBuildFile section */

/* Begin PBXContainerItemProxy section */
		86E7F9382AC2BEFE0024AD6F /* PBXContainerItemProxy */ = {
			isa = PBXContainerItemProxy;
			containerPortal = 86E7F91F2AC2BEFC0024AD6F /* Project object */;
			proxyType = 1;
			remoteGlobalIDString = 86E7F9262AC2BEFC0024AD6F;
			remoteInfo = ArticlesWithAlgolia;
		};
		86E7F9422AC2BEFE0024AD6F /* PBXContainerItemProxy */ = {
			isa = PBXContainerItemProxy;
			containerPortal = 86E7F91F2AC2BEFC0024AD6F /* Project object */;
			proxyType = 1;
			remoteGlobalIDString = 86E7F9262AC2BEFC0024AD6F;
			remoteInfo = ArticlesWithAlgolia;
		};
/* End PBXContainerItemProxy section */

/* Begin PBXFileReference section */
		86E7F9272AC2BEFC0024AD6F /* ArticlesWithAlgolia.app */ = {isa = PBXFileReference; explicitFileType = wrapper.application; includeInIndex = 0; path = ArticlesWithAlgolia.app; sourceTree = BUILT_PRODUCTS_DIR; };
		86E7F92A2AC2BEFC0024AD6F /* ArticlesWithAlgoliaApp.swift */ = {isa = PBXFileReference; lastKnownFileType = sourcecode.swift; path = ArticlesWithAlgoliaApp.swift; sourceTree = "<group>"; };
		86E7F92C2AC2BEFC0024AD6F /* ContentView.swift */ = {isa = PBXFileReference; lastKnownFileType = sourcecode.swift; path = ContentView.swift; sourceTree = "<group>"; };
		86E7F92E2AC2BEFE0024AD6F /* Assets.xcassets */ = {isa = PBXFileReference; lastKnownFileType = folder.assetcatalog; path = Assets.xcassets; sourceTree = "<group>"; };
		86E7F9312AC2BEFE0024AD6F /* Preview Assets.xcassets */ = {isa = PBXFileReference; lastKnownFileType = folder.assetcatalog; path = "Preview Assets.xcassets"; sourceTree = "<group>"; };
		86E7F9372AC2BEFE0024AD6F /* ArticlesWithAlgoliaTests.xctest */ = {isa = PBXFileReference; explicitFileType = wrapper.cfbundle; includeInIndex = 0; path = ArticlesWithAlgoliaTests.xctest; sourceTree = BUILT_PRODUCTS_DIR; };
		86E7F93B2AC2BEFE0024AD6F /* ArticlesWithAlgoliaTests.swift */ = {isa = PBXFileReference; lastKnownFileType = sourcecode.swift; path = ArticlesWithAlgoliaTests.swift; sourceTree = "<group>"; };
		86E7F9412AC2BEFE0024AD6F /* ArticlesWithAlgoliaUITests.xctest */ = {isa = PBXFileReference; explicitFileType = wrapper.cfbundle; includeInIndex = 0; path = ArticlesWithAlgoliaUITests.xctest; sourceTree = BUILT_PRODUCTS_DIR; };
		86E7F9452AC2BEFE0024AD6F /* ArticlesWithAlgoliaUITests.swift */ = {isa = PBXFileReference; lastKnownFileType = sourcecode.swift; path = ArticlesWithAlgoliaUITests.swift; sourceTree = "<group>"; };
		86E7F9472AC2BEFE0024AD6F /* ArticlesWithAlgoliaUITestsLaunchTests.swift */ = {isa = PBXFileReference; lastKnownFileType = sourcecode.swift; path = ArticlesWithAlgoliaUITestsLaunchTests.swift; sourceTree = "<group>"; };
/* End PBXFileReference section */

/* Begin PBXFrameworksBuildPhase section */
		86E7F9242AC2BEFC0024AD6F /* Frameworks */ = {
			isa = PBXFrameworksBuildPhase;
			buildActionMask = 2147483647;
			files = (
			);
			runOnlyForDeploymentPostprocessing = 0;
		};
		86E7F9342AC2BEFE0024AD6F /* Frameworks */ = {
			isa = PBXFrameworksBuildPhase;
			buildActionMask = 2147483647;
			files = (
			);
			runOnlyForDeploymentPostprocessing = 0;
		};
		86E7F93E2AC2BEFE0024AD6F /* Frameworks */ = {
			isa = PBXFrameworksBuildPhase;
			buildActionMask = 2147483647;
			files = (
			);
			runOnlyForDeploymentPostprocessing = 0;
		};
/* End PBXFrameworksBuildPhase section */

/* Begin PBXGroup section */
		86E7F91E2AC2BEFC0024AD6F = {
			isa = PBXGroup;
			children = (
				86E7F9292AC2BEFC0024AD6F /* ArticlesWithAlgolia */,
				86E7F93A2AC2BEFE0024AD6F /* ArticlesWithAlgoliaTests */,
				86E7F9442AC2BEFE0024AD6F /* ArticlesWithAlgoliaUITests */,
				86E7F9282AC2BEFC0024AD6F /* Products */,
			);
			sourceTree = "<group>";
		};
		86E7F9282AC2BEFC0024AD6F /* Products */ = {
			isa = PBXGroup;
			children = (
				86E7F9272AC2BEFC0024AD6F /* ArticlesWithAlgolia.app */,
				86E7F9372AC2BEFE0024AD6F /* ArticlesWithAlgoliaTests.xctest */,
				86E7F9412AC2BEFE0024AD6F /* ArticlesWithAlgoliaUITests.xctest */,
			);
			name = Products;
			sourceTree = "<group>";
		};
		86E7F9292AC2BEFC0024AD6F /* ArticlesWithAlgolia */ = {
			isa = PBXGroup;
			children = (
				86E7F92A2AC2BEFC0024AD6F /* ArticlesWithAlgoliaApp.swift */,
				86E7F92C2AC2BEFC0024AD6F /* ContentView.swift */,
				86E7F92E2AC2BEFE0024AD6F /* Assets.xcassets */,
				86E7F9302AC2BEFE0024AD6F /* Preview Content */,
			);
			path = ArticlesWithAlgolia;
			sourceTree = "<group>";
		};
		86E7F9302AC2BEFE0024AD6F /* Preview Content */ = {
			isa = PBXGroup;
			children = (
				86E7F9312AC2BEFE0024AD6F /* Preview Assets.xcassets */,
			);
			path = "Preview Content";
			sourceTree = "<group>";
		};
		86E7F93A2AC2BEFE0024AD6F /* ArticlesWithAlgoliaTests */ = {
			isa = PBXGroup;
			children = (
				86E7F93B2AC2BEFE0024AD6F /* ArticlesWithAlgoliaTests.swift */,
			);
			path = ArticlesWithAlgoliaTests;
			sourceTree = "<group>";
		};
		86E7F9442AC2BEFE0024AD6F /* ArticlesWithAlgoliaUITests */ = {
			isa = PBXGroup;
			children = (
				86E7F9452AC2BEFE0024AD6F /* ArticlesWithAlgoliaUITests.swift */,
				86E7F9472AC2BEFE0024AD6F /* ArticlesWithAlgoliaUITestsLaunchTests.swift */,
			);
			path = ArticlesWithAlgoliaUITests;
			sourceTree = "<group>";
		};
/* End PBXGroup section */

/* Begin PBXNativeTarget section */
		86E7F9262AC2BEFC0024AD6F /* ArticlesWithAlgolia */ = {
			isa = PBXNativeTarget;
			buildConfigurationList = 86E7F94B2AC2BEFE0024AD6F /* Build configuration list for PBXNativeTarget "ArticlesWithAlgolia" */;
			buildPhases = (
				86E7F9232AC2BEFC0024AD6F /* Sources */,
				86E7F9242AC2BEFC0024AD6F /* Frameworks */,
				86E7F9252AC2BEFC0024AD6F /* Resources */,
			);
			buildRules = (
			);
			dependencies = (
			);
			name = ArticlesWithAlgolia;
			productName = ArticlesWithAlgolia;
			productReference = 86E7F9272AC2BEFC0024AD6F /* ArticlesWithAlgolia.app */;
			productType = "com.apple.product-type.application";
		};
		86E7F9362AC2BEFE0024AD6F /* ArticlesWithAlgoliaTests */ = {
			isa = PBXNativeTarget;
			buildConfigurationList = 86E7F94E2AC2BEFE0024AD6F /* Build configuration list for PBXNativeTarget "ArticlesWithAlgoliaTests" */;
			buildPhases = (
				86E7F9332AC2BEFE0024AD6F /* Sources */,
				86E7F9342AC2BEFE0024AD6F /* Frameworks */,
				86E7F9352AC2BEFE0024AD6F /* Resources */,
			);
			buildRules = (
			);
			dependencies = (
				86E7F9392AC2BEFE0024AD6F /* PBXTargetDependency */,
			);
			name = ArticlesWithAlgoliaTests;
			productName = ArticlesWithAlgoliaTests;
			productReference = 86E7F9372AC2BEFE0024AD6F /* ArticlesWithAlgoliaTests.xctest */;
			productType = "com.apple.product-type.bundle.unit-test";
		};
		86E7F9402AC2BEFE0024AD6F /* ArticlesWithAlgoliaUITests */ = {
			isa = PBXNativeTarget;
			buildConfigurationList = 86E7F9512AC2BEFE0024AD6F /* Build configuration list for PBXNativeTarget "ArticlesWithAlgoliaUITests" */;
			buildPhases = (
				86E7F93D2AC2BEFE0024AD6F /* Sources */,
				86E7F93E2AC2BEFE0024AD6F /* Frameworks */,
				86E7F93F2AC2BEFE0024AD6F /* Resources */,
			);
			buildRules = (
			);
			dependencies = (
				86E7F9432AC2BEFE0024AD6F /* PBXTargetDependency */,
			);
			name = ArticlesWithAlgoliaUITests;
			productName = ArticlesWithAlgoliaUITests;
			productReference = 86E7F9412AC2BEFE0024AD6F /* ArticlesWithAlgoliaUITests.xctest */;
			productType = "com.apple.product-type.bundle.ui-testing";
		};
/* End PBXNativeTarget section */

/* Begin PBXProject section */
		86E7F91F2AC2BEFC0024AD6F /* Project object */ = {
			isa = PBXProject;
			attributes = {
				BuildIndependentTargetsInParallel = 1;
				LastSwiftUpdateCheck = 1420;
				LastUpgradeCheck = 1420;
				TargetAttributes = {
					86E7F9262AC2BEFC0024AD6F = {
						CreatedOnToolsVersion = 14.2;
					};
					86E7F9362AC2BEFE0024AD6F = {
						CreatedOnToolsVersion = 14.2;
						TestTargetID = 86E7F9262AC2BEFC0024AD6F;
					};
					86E7F9402AC2BEFE0024AD6F = {
						CreatedOnToolsVersion = 14.2;
						TestTargetID = 86E7F9262AC2BEFC0024AD6F;
					};
				};
			};
			buildConfigurationList = 86E7F9222AC2BEFC0024AD6F /* Build configuration list for PBXProject "ArticlesWithAlgolia" */;
			compatibilityVersion = "Xcode 14.0";
			developmentRegion = en;
			hasScannedForEncodings = 0;
			knownRegions = (
				en,
				Base,
			);
			mainGroup = 86E7F91E2AC2BEFC0024AD6F;
			productRefGroup = 86E7F9282AC2BEFC0024AD6F /* Products */;
			projectDirPath = "";
			projectRoot = "";
			targets = (
				86E7F9262AC2BEFC0024AD6F /* ArticlesWithAlgolia */,
				86E7F9362AC2BEFE0024AD6F /* ArticlesWithAlgoliaTests */,
				86E7F9402AC2BEFE0024AD6F /* ArticlesWithAlgoliaUITests */,
			);
		};
/* End PBXProject section */

/* Begin PBXResourcesBuildPhase section */
		86E7F9252AC2BEFC0024AD6F /* Resources */ = {
			isa = PBXResourcesBuildPhase;
			buildActionMask = 2147483647;
			files = (
				86E7F9322AC2BEFE0024AD6F /* Preview Assets.xcassets in Resources */,
				86E7F92F2AC2BEFE0024AD6F /* Assets.xcassets in Resources */,
			);
			runOnlyForDeploymentPostprocessing = 0;
		};
		86E7F9352AC2BEFE0024AD6F /* Resources */ = {
			isa = PBXResourcesBuildPhase;
			buildActionMask = 2147483647;
			files = (
			);
			runOnlyForDeploymentPostprocessing = 0;
		};
		86E7F93F2AC2BEFE0024AD6F /* Resources */ = {
			isa = PBXResourcesBuildPhase;
			buildActionMask = 2147483647;
			files = (
			);
			runOnlyForDeploymentPostprocessing = 0;
		};
/* End PBXResourcesBuildPhase section */

/* Begin PBXSourcesBuildPhase section */
		86E7F9232AC2BEFC0024AD6F /* Sources */ = {
			isa = PBXSourcesBuildPhase;
			buildActionMask = 2147483647;
			files = (
				86E7F92D2AC2BEFC0024AD6F /* ContentView.swift in Sources */,
				86E7F92B2AC2BEFC0024AD6F /* ArticlesWithAlgoliaApp.swift in Sources */,
			);
			runOnlyForDeploymentPostprocessing = 0;
		};
		86E7F9332AC2BEFE0024AD6F /* Sources */ = {
			isa = PBXSourcesBuildPhase;
			buildActionMask = 2147483647;
			files = (
				86E7F93C2AC2BEFE0024AD6F /* ArticlesWithAlgoliaTests.swift in Sources */,
			);
			runOnlyForDeploymentPostprocessing = 0;
		};
		86E7F93D2AC2BEFE0024AD6F /* Sources */ = {
			isa = PBXSourcesBuildPhase;
			buildActionMask = 2147483647;
			files = (
				86E7F9462AC2BEFE0024AD6F /* ArticlesWithAlgoliaUITests.swift in Sources */,
				86E7F9482AC2BEFE0024AD6F /* ArticlesWithAlgoliaUITestsLaunchTests.swift in Sources */,
			);
			runOnlyForDeploymentPostprocessing = 0;
		};
/* End PBXSourcesBuildPhase section */

/* Begin PBXTargetDependency section */
		86E7F9392AC2BEFE0024AD6F /* PBXTargetDependency */ = {
			isa = PBXTargetDependency;
			target = 86E7F9262AC2BEFC0024AD6F /* ArticlesWithAlgolia */;
			targetProxy = 86E7F9382AC2BEFE0024AD6F /* PBXContainerItemProxy */;
		};
		86E7F9432AC2BEFE0024AD6F /* PBXTargetDependency */ = {
			isa = PBXTargetDependency;
			target = 86E7F9262AC2BEFC0024AD6F /* ArticlesWithAlgolia */;
			targetProxy = 86E7F9422AC2BEFE0024AD6F /* PBXContainerItemProxy */;
		};
/* End PBXTargetDependency section */

/* Begin XCBuildConfiguration section */
		86E7F9492AC2BEFE0024AD6F /* Debug */ = {
			isa = XCBuildConfiguration;
			buildSettings = {
				ALWAYS_SEARCH_USER_PATHS = NO;
				CLANG_ANALYZER_NONNULL = YES;
				CLANG_ANALYZER_NUMBER_OBJECT_CONVERSION = YES_AGGRESSIVE;
				CLANG_CXX_LANGUAGE_STANDARD = "gnu++20";
				CLANG_ENABLE_MODULES = YES;
				CLANG_ENABLE_OBJC_ARC = YES;
				CLANG_ENABLE_OBJC_WEAK = YES;
				CLANG_WARN_BLOCK_CAPTURE_AUTORELEASING = YES;
				CLANG_WARN_BOOL_CONVERSION = YES;
				CLANG_WARN_COMMA = YES;
				CLANG_WARN_CONSTANT_CONVERSION = YES;
				CLANG_WARN_DEPRECATED_OBJC_IMPLEMENTATIONS = YES;
				CLANG_WARN_DIRECT_OBJC_ISA_USAGE = YES_ERROR;
				CLANG_WARN_DOCUMENTATION_COMMENTS = YES;
				CLANG_WARN_EMPTY_BODY = YES;
				CLANG_WARN_ENUM_CONVERSION = YES;
				CLANG_WARN_INFINITE_RECURSION = YES;
				CLANG_WARN_INT_CONVERSION = YES;
				CLANG_WARN_NON_LITERAL_NULL_CONVERSION = YES;
				CLANG_WARN_OBJC_IMPLICIT_RETAIN_SELF = YES;
				CLANG_WARN_OBJC_LITERAL_CONVERSION = YES;
				CLANG_WARN_OBJC_ROOT_CLASS = YES_ERROR;
				CLANG_WARN_QUOTED_INCLUDE_IN_FRAMEWORK_HEADER = YES;
				CLANG_WARN_RANGE_LOOP_ANALYSIS = YES;
				CLANG_WARN_STRICT_PROTOTYPES = YES;
				CLANG_WARN_SUSPICIOUS_MOVE = YES;
				CLANG_WARN_UNGUARDED_AVAILABILITY = YES_AGGRESSIVE;
				CLANG_WARN_UNREACHABLE_CODE = YES;
				CLANG_WARN__DUPLICATE_METHOD_MATCH = YES;
				COPY_PHASE_STRIP = NO;
				DEBUG_INFORMATION_FORMAT = dwarf;
				ENABLE_STRICT_OBJC_MSGSEND = YES;
				ENABLE_TESTABILITY = YES;
				GCC_C_LANGUAGE_STANDARD = gnu11;
				GCC_DYNAMIC_NO_PIC = NO;
				GCC_NO_COMMON_BLOCKS = YES;
				GCC_OPTIMIZATION_LEVEL = 0;
				GCC_PREPROCESSOR_DEFINITIONS = (
					"DEBUG=1",
					"$(inherited)",
				);
				GCC_WARN_64_TO_32_BIT_CONVERSION = YES;
				GCC_WARN_ABOUT_RETURN_TYPE = YES_ERROR;
				GCC_WARN_UNDECLARED_SELECTOR = YES;
				GCC_WARN_UNINITIALIZED_AUTOS = YES_AGGRESSIVE;
				GCC_WARN_UNUSED_FUNCTION = YES;
				GCC_WARN_UNUSED_VARIABLE = YES;
				IPHONEOS_DEPLOYMENT_TARGET = 16.2;
				MTL_ENABLE_DEBUG_INFO = INCLUDE_SOURCE;
				MTL_FAST_MATH = YES;
				ONLY_ACTIVE_ARCH = YES;
				SDKROOT = iphoneos;
				SWIFT_ACTIVE_COMPILATION_CONDITIONS = DEBUG;
				SWIFT_OPTIMIZATION_LEVEL = "-Onone";
			};
			name = Debug;
		};
		86E7F94A2AC2BEFE0024AD6F /* Release */ = {
			isa = XCBuildConfiguration;
			buildSettings = {
				ALWAYS_SEARCH_USER_PATHS = NO;
				CLANG_ANALYZER_NONNULL = YES;
				CLANG_ANALYZER_NUMBER_OBJECT_CONVERSION = YES_AGGRESSIVE;
				CLANG_CXX_LANGUAGE_STANDARD = "gnu++20";
				CLANG_ENABLE_MODULES = YES;
				CLANG_ENABLE_OBJC_ARC = YES;
				CLANG_ENABLE_OBJC_WEAK = YES;
				CLANG_WARN_BLOCK_CAPTURE_AUTORELEASING = YES;
				CLANG_WARN_BOOL_CONVERSION = YES;
				CLANG_WARN_COMMA = YES;
				CLANG_WARN_CONSTANT_CONVERSION = YES;
				CLANG_WARN_DEPRECATED_OBJC_IMPLEMENTATIONS = YES;
				CLANG_WARN_DIRECT_OBJC_ISA_USAGE = YES_ERROR;
				CLANG_WARN_DOCUMENTATION_COMMENTS = YES;
				CLANG_WARN_EMPTY_BODY = YES;
				CLANG_WARN_ENUM_CONVERSION = YES;
				CLANG_WARN_INFINITE_RECURSION = YES;
				CLANG_WARN_INT_CONVERSION = YES;
				CLANG_WARN_NON_LITERAL_NULL_CONVERSION = YES;
				CLANG_WARN_OBJC_IMPLICIT_RETAIN_SELF = YES;
				CLANG_WARN_OBJC_LITERAL_CONVERSION = YES;
				CLANG_WARN_OBJC_ROOT_CLASS = YES_ERROR;
				CLANG_WARN_QUOTED_INCLUDE_IN_FRAMEWORK_HEADER = YES;
				CLANG_WARN_RANGE_LOOP_ANALYSIS = YES;
				CLANG_WARN_STRICT_PROTOTYPES = YES;
				CLANG_WARN_SUSPICIOUS_MOVE = YES;
				CLANG_WARN_UNGUARDED_AVAILABILITY = YES_AGGRESSIVE;
				CLANG_WARN_UNREACHABLE_CODE = YES;
				CLANG_WARN__DUPLICATE_METHOD_MATCH = YES;
				COPY_PHASE_STRIP = NO;
				DEBUG_INFORMATION_FORMAT = "dwarf-with-dsym";
				ENABLE_NS_ASSERTIONS = NO;
				ENABLE_STRICT_OBJC_MSGSEND = YES;
				GCC_C_LANGUAGE_STANDARD = gnu11;
				GCC_NO_COMMON_BLOCKS = YES;
				GCC_WARN_64_TO_32_BIT_CONVERSION = YES;
				GCC_WARN_ABOUT_RETURN_TYPE = YES_ERROR;
				GCC_WARN_UNDECLARED_SELECTOR = YES;
				GCC_WARN_UNINITIALIZED_AUTOS = YES_AGGRESSIVE;
				GCC_WARN_UNUSED_FUNCTION = YES;
				GCC_WARN_UNUSED_VARIABLE = YES;
				IPHONEOS_DEPLOYMENT_TARGET = 16.2;
				MTL_ENABLE_DEBUG_INFO = NO;
				MTL_FAST_MATH = YES;
				SDKROOT = iphoneos;
				SWIFT_COMPILATION_MODE = wholemodule;
				SWIFT_OPTIMIZATION_LEVEL = "-O";
				VALIDATE_PRODUCT = YES;
			};
			name = Release;
		};
		86E7F94C2AC2BEFE0024AD6F /* Debug */ = {
			isa = XCBuildConfiguration;
			buildSettings = {
				ASSETCATALOG_COMPILER_APPICON_NAME = AppIcon;
				ASSETCATALOG_COMPILER_GLOBAL_ACCENT_COLOR_NAME = AccentColor;
				CODE_SIGN_STYLE = Automatic;
				CURRENT_PROJECT_VERSION = 1;
				DEVELOPMENT_ASSET_PATHS = "\"ArticlesWithAlgolia/Preview Content\"";
				ENABLE_PREVIEWS = YES;
				GENERATE_INFOPLIST_FILE = YES;
				INFOPLIST_KEY_UIApplicationSceneManifest_Generation = YES;
				INFOPLIST_KEY_UIApplicationSupportsIndirectInputEvents = YES;
				INFOPLIST_KEY_UILaunchScreen_Generation = YES;
				INFOPLIST_KEY_UISupportedInterfaceOrientations_iPad = "UIInterfaceOrientationPortrait UIInterfaceOrientationPortraitUpsideDown UIInterfaceOrientationLandscapeLeft UIInterfaceOrientationLandscapeRight";
				INFOPLIST_KEY_UISupportedInterfaceOrientations_iPhone = "UIInterfaceOrientationPortrait UIInterfaceOrientationLandscapeLeft UIInterfaceOrientationLandscapeRight";
				LD_RUNPATH_SEARCH_PATHS = (
					"$(inherited)",
					"@executable_path/Frameworks",
				);
				MARKETING_VERSION = 1.0;
				PRODUCT_BUNDLE_IDENTIFIER = com.wecan.ArticlesWithAlgolia;
				PRODUCT_NAME = "$(TARGET_NAME)";
				SWIFT_EMIT_LOC_STRINGS = YES;
				SWIFT_VERSION = 5.0;
				TARGETED_DEVICE_FAMILY = "1,2";
			};
			name = Debug;
		};
		86E7F94D2AC2BEFE0024AD6F /* Release */ = {
			isa = XCBuildConfiguration;
			buildSettings = {
				ASSETCATALOG_COMPILER_APPICON_NAME = AppIcon;
				ASSETCATALOG_COMPILER_GLOBAL_ACCENT_COLOR_NAME = AccentColor;
				CODE_SIGN_STYLE = Automatic;
				CURRENT_PROJECT_VERSION = 1;
				DEVELOPMENT_ASSET_PATHS = "\"ArticlesWithAlgolia/Preview Content\"";
				ENABLE_PREVIEWS = YES;
				GENERATE_INFOPLIST_FILE = YES;
				INFOPLIST_KEY_UIApplicationSceneManifest_Generation = YES;
				INFOPLIST_KEY_UIApplicationSupportsIndirectInputEvents = YES;
				INFOPLIST_KEY_UILaunchScreen_Generation = YES;
				INFOPLIST_KEY_UISupportedInterfaceOrientations_iPad = "UIInterfaceOrientationPortrait UIInterfaceOrientationPortraitUpsideDown UIInterfaceOrientationLandscapeLeft UIInterfaceOrientationLandscapeRight";
				INFOPLIST_KEY_UISupportedInterfaceOrientations_iPhone = "UIInterfaceOrientationPortrait UIInterfaceOrientationLandscapeLeft UIInterfaceOrientationLandscapeRight";
				LD_RUNPATH_SEARCH_PATHS = (
					"$(inherited)",
					"@executable_path/Frameworks",
				);
				MARKETING_VERSION = 1.0;
				PRODUCT_BUNDLE_IDENTIFIER = com.wecan.ArticlesWithAlgolia;
				PRODUCT_NAME = "$(TARGET_NAME)";
				SWIFT_EMIT_LOC_STRINGS = YES;
				SWIFT_VERSION = 5.0;
				TARGETED_DEVICE_FAMILY = "1,2";
			};
			name = Release;
		};
		86E7F94F2AC2BEFE0024AD6F /* Debug */ = {
			isa = XCBuildConfiguration;
			buildSettings = {
				ALWAYS_EMBED_SWIFT_STANDARD_LIBRARIES = YES;
				BUNDLE_LOADER = "$(TEST_HOST)";
				CODE_SIGN_STYLE = Automatic;
				CURRENT_PROJECT_VERSION = 1;
				GENERATE_INFOPLIST_FILE = YES;
				IPHONEOS_DEPLOYMENT_TARGET = 16.2;
				MARKETING_VERSION = 1.0;
				PRODUCT_BUNDLE_IDENTIFIER = com.wecan.ArticlesWithAlgoliaTests;
				PRODUCT_NAME = "$(TARGET_NAME)";
				SWIFT_EMIT_LOC_STRINGS = NO;
				SWIFT_VERSION = 5.0;
				TARGETED_DEVICE_FAMILY = "1,2";
				TEST_HOST = "$(BUILT_PRODUCTS_DIR)/ArticlesWithAlgolia.app/$(BUNDLE_EXECUTABLE_FOLDER_PATH)/ArticlesWithAlgolia";
			};
			name = Debug;
		};
		86E7F9502AC2BEFE0024AD6F /* Release */ = {
			isa = XCBuildConfiguration;
			buildSettings = {
				ALWAYS_EMBED_SWIFT_STANDARD_LIBRARIES = YES;
				BUNDLE_LOADER = "$(TEST_HOST)";
				CODE_SIGN_STYLE = Automatic;
				CURRENT_PROJECT_VERSION = 1;
				GENERATE_INFOPLIST_FILE = YES;
				IPHONEOS_DEPLOYMENT_TARGET = 16.2;
				MARKETING_VERSION = 1.0;
				PRODUCT_BUNDLE_IDENTIFIER = com.wecan.ArticlesWithAlgoliaTests;
				PRODUCT_NAME = "$(TARGET_NAME)";
				SWIFT_EMIT_LOC_STRINGS = NO;
				SWIFT_VERSION = 5.0;
				TARGETED_DEVICE_FAMILY = "1,2";
				TEST_HOST = "$(BUILT_PRODUCTS_DIR)/ArticlesWithAlgolia.app/$(BUNDLE_EXECUTABLE_FOLDER_PATH)/ArticlesWithAlgolia";
			};
			name = Release;
		};
		86E7F9522AC2BEFE0024AD6F /* Debug */ = {
			isa = XCBuildConfiguration;
			buildSettings = {
				ALWAYS_EMBED_SWIFT_STANDARD_LIBRARIES = YES;
				CODE_SIGN_STYLE = Automatic;
				CURRENT_PROJECT_VERSION = 1;
				GENERATE_INFOPLIST_FILE = YES;
				MARKETING_VERSION = 1.0;
				PRODUCT_BUNDLE_IDENTIFIER = com.wecan.ArticlesWithAlgoliaUITests;
				PRODUCT_NAME = "$(TARGET_NAME)";
				SWIFT_EMIT_LOC_STRINGS = NO;
				SWIFT_VERSION = 5.0;
				TARGETED_DEVICE_FAMILY = "1,2";
				TEST_TARGET_NAME = ArticlesWithAlgolia;
			};
			name = Debug;
		};
		86E7F9532AC2BEFE0024AD6F /* Release */ = {
			isa = XCBuildConfiguration;
			buildSettings = {
				ALWAYS_EMBED_SWIFT_STANDARD_LIBRARIES = YES;
				CODE_SIGN_STYLE = Automatic;
				CURRENT_PROJECT_VERSION = 1;
				GENERATE_INFOPLIST_FILE = YES;
				MARKETING_VERSION = 1.0;
				PRODUCT_BUNDLE_IDENTIFIER = com.wecan.ArticlesWithAlgoliaUITests;
				PRODUCT_NAME = "$(TARGET_NAME)";
				SWIFT_EMIT_LOC_STRINGS = NO;
				SWIFT_VERSION = 5.0;
				TARGETED_DEVICE_FAMILY = "1,2";
				TEST_TARGET_NAME = ArticlesWithAlgolia;
			};
			name = Release;
		};
/* End XCBuildConfiguration section */

/* Begin XCConfigurationList section */
		86E7F9222AC2BEFC0024AD6F /* Build configuration list for PBXProject "ArticlesWithAlgolia" */ = {
			isa = XCConfigurationList;
			buildConfigurations = (
				86E7F9492AC2BEFE0024AD6F /* Debug */,
				86E7F94A2AC2BEFE0024AD6F /* Release */,
			);
			defaultConfigurationIsVisible = 0;
			defaultConfigurationName = Release;
		};
		86E7F94B2AC2BEFE0024AD6F /* Build configuration list for PBXNativeTarget "ArticlesWithAlgolia" */ = {
			isa = XCConfigurationList;
			buildConfigurations = (
				86E7F94C2AC2BEFE0024AD6F /* Debug */,
				86E7F94D2AC2BEFE0024AD6F /* Release */,
			);
			defaultConfigurationIsVisible = 0;
			defaultConfigurationName = Release;
		};
		86E7F94E2AC2BEFE0024AD6F /* Build configuration list for PBXNativeTarget "ArticlesWithAlgoliaTests" */ = {
			isa = XCConfigurationList;
			buildConfigurations = (
				86E7F94F2AC2BEFE0024AD6F /* Debug */,
				86E7F9502AC2BEFE0024AD6F /* Release */,
			);
			defaultConfigurationIsVisible = 0;
			defaultConfigurationName = Release;
		};
		86E7F9512AC2BEFE0024AD6F /* Build configuration list for PBXNativeTarget "ArticlesWithAlgoliaUITests" */ = {
			isa = XCConfigurationList;
			buildConfigurations = (
				86E7F9522AC2BEFE0024AD6F /* Debug */,
				86E7F9532AC2BEFE0024AD6F /* Release */,
			);
			defaultConfigurationIsVisible = 0;
			defaultConfigurationName = Release;
		};
/* End XCConfigurationList section */
	};
	rootObject = 86E7F91F2AC2BEFC0024AD6F /* Project object */;
}
